{
  "name": "2.ajs_h3_repo_clone",
  "lockfileVersion": 3,
  "requires": true,
  "packages": {
    "": {
      "dependencies": {
        "@knjaz1989/ajs_h3": "^1.0.0"
      }
    },
    "node_modules/@knjaz1989/ajs_h3": {
      "version": "1.0.0",
      "resolved": "https://npm.pkg.github.com/download/@knjaz1989/ajs_h3/1.0.0/c4aadd6c6eaacfb2a4266d84d1b5fc63e3a940d1",
      "integrity": "sha512-BbLMNrzizh9d537z53FtC+nVkNLltslYisVo2oRV6d8rfYNa0fgUaayAWrNsFL7gKk0T49LyxH+2pBsLS+mC3w==",
      "license": "ISC"
    }
  }
}
